// !$*UTF8*$!
{
	archiveVersion = 1;
	classes = {
	};
	objectVersion = 56;
	objects = {

/* Begin PBXBuildFile section */
		E40306812B1F1D7900658A80 /* ActivityRecordTest.swift in Sources */ = {isa = PBXBuildFile; fileRef = E40306802B1F1D7900658A80 /* ActivityRecordTest.swift */; };
		E40306832B22211000658A80 /* TopMenuView.swift in Sources */ = {isa = PBXBuildFile; fileRef = E40306822B22211000658A80 /* TopMenuView.swift */; };
		E40F88302A97AAF500E00F25 /* ActivitySaveView.swift in Sources */ = {isa = PBXBuildFile; fileRef = E40F882F2A97AAF500E00F25 /* ActivitySaveView.swift */; };
		E40F886B2AA5D31400E00F25 /* SimpleXML.swift in Sources */ = {isa = PBXBuildFile; fileRef = E40F886A2AA5D31400E00F25 /* SimpleXML.swift */; };
		E41CFBA72AFCCBEF00FBEE5D /* LiveMetricCarouselItem.swift in Sources */ = {isa = PBXBuildFile; fileRef = E41CFBA62AFCCBEF00FBEE5D /* LiveMetricCarouselItem.swift */; };
		E420D7862B03D55300C0D7B2 /* LocationNotAuthView.swift in Sources */ = {isa = PBXBuildFile; fileRef = E420D7852B03D55300C0D7B2 /* LocationNotAuthView.swift */; };
		E4212958298D79D3001B8AA9 /* BTDeviceDiscoverView.swift in Sources */ = {isa = PBXBuildFile; fileRef = E4212957298D79D3001B8AA9 /* BTDeviceDiscoverView.swift */; };
		E421295A298EC383001B8AA9 /* BTStartDiscoverView.swift in Sources */ = {isa = PBXBuildFile; fileRef = E4212959298EC383001B8AA9 /* BTStartDiscoverView.swift */; };
		E421295C299D4D91001B8AA9 /* BTDeviceBarView.swift in Sources */ = {isa = PBXBuildFile; fileRef = E421295B299D4D91001B8AA9 /* BTDeviceBarView.swift */; };
		E421296029A21922001B8AA9 /* ActivityProfile.swift in Sources */ = {isa = PBXBuildFile; fileRef = E421295F29A21922001B8AA9 /* ActivityProfile.swift */; };
		E42AD0912AE82094008E7B05 /* NewProfileDetailView.swift in Sources */ = {isa = PBXBuildFile; fileRef = E42AD0902AE82094008E7B05 /* NewProfileDetailView.swift */; };
		E42AD0932AEBEEC8008E7B05 /* LiveMetricsPausedView.swift in Sources */ = {isa = PBXBuildFile; fileRef = E42AD0922AEBEEC8008E7B05 /* LiveMetricsPausedView.swift */; };
		E46121EA2AAB5F9A00E07749 /* SettingsView.swift in Sources */ = {isa = PBXBuildFile; fileRef = E46121E92AAB5F9A00E07749 /* SettingsView.swift */; };
		E46121EE2AACCF2300E07749 /* WatchAsDeviceView.swift in Sources */ = {isa = PBXBuildFile; fileRef = E46121ED2AACCF2300E07749 /* WatchAsDeviceView.swift */; };
		E46121F02AADC86F00E07749 /* SettingsManager.swift in Sources */ = {isa = PBXBuildFile; fileRef = E46121EF2AADC86F00E07749 /* SettingsManager.swift */; };
		E46121F22AAE178700E07749 /* BTPeripheralManager.swift in Sources */ = {isa = PBXBuildFile; fileRef = E46121F12AAE178600E07749 /* BTPeripheralManager.swift */; };
		E46121F42AAF6D1600E07749 /* CloudConnectionsView.swift in Sources */ = {isa = PBXBuildFile; fileRef = E46121F32AAF6D1600E07749 /* CloudConnectionsView.swift */; };
		E46121F62AAF6FCB00E07749 /* GeneralSettingsView.swift in Sources */ = {isa = PBXBuildFile; fileRef = E46121F52AAF6FCB00E07749 /* GeneralSettingsView.swift */; };
		E46121F82AB1A0AD00E07749 /* LocationManager.swift in Sources */ = {isa = PBXBuildFile; fileRef = E46121F72AB1A0AD00E07749 /* LocationManager.swift */; };
		E46121FA2AB315E600E07749 /* LocationView.swift in Sources */ = {isa = PBXBuildFile; fileRef = E46121F92AB315E600E07749 /* LocationView.swift */; };
		E46122012ACB1CA500E07749 /* Gzip in Frameworks */ = {isa = PBXBuildFile; productRef = E46122002ACB1CA500E07749 /* Gzip */; };
		E468DC8129E931A10002FEA9 /* ProfileListView.swift in Sources */ = {isa = PBXBuildFile; fileRef = E468DC8029E931A10002FEA9 /* ProfileListView.swift */; };
		E468DC8329E9B5050002FEA9 /* ProfileDetailView.swift in Sources */ = {isa = PBXBuildFile; fileRef = E468DC8229E9B5050002FEA9 /* ProfileDetailView.swift */; };
		E46EE68D2B067A01008F54CD /* MapView.swift in Sources */ = {isa = PBXBuildFile; fileRef = E46EE68C2B067A01008F54CD /* MapView.swift */; };
		E46EF07F29537CA1006FA603 /* PulseWorkout Watch App.app in Embed Watch Content */ = {isa = PBXBuildFile; fileRef = E46EF07E29537CA1006FA603 /* PulseWorkout Watch App.app */; settings = {ATTRIBUTES = (RemoveHeadersOnCopy, ); }; };
		E46EF08429537CA1006FA603 /* PulseWorkoutApp.swift in Sources */ = {isa = PBXBuildFile; fileRef = E46EF08329537CA1006FA603 /* PulseWorkoutApp.swift */; };
		E46EF08629537CA1006FA603 /* ContentView.swift in Sources */ = {isa = PBXBuildFile; fileRef = E46EF08529537CA1006FA603 /* ContentView.swift */; };
		E46EF08829537CA3006FA603 /* Assets.xcassets in Resources */ = {isa = PBXBuildFile; fileRef = E46EF08729537CA3006FA603 /* Assets.xcassets */; };
		E46EF08B29537CA3006FA603 /* Preview Assets.xcassets in Resources */ = {isa = PBXBuildFile; fileRef = E46EF08A29537CA3006FA603 /* Preview Assets.xcassets */; };
		E46EF09529537CA3006FA603 /* PulseWorkout_Watch_AppTests.swift in Sources */ = {isa = PBXBuildFile; fileRef = E46EF09429537CA3006FA603 /* PulseWorkout_Watch_AppTests.swift */; };
		E46EF09F29537CA3006FA603 /* PulseWorkout_Watch_AppUITests.swift in Sources */ = {isa = PBXBuildFile; fileRef = E46EF09E29537CA3006FA603 /* PulseWorkout_Watch_AppUITests.swift */; };
		E46EF0A129537CA3006FA603 /* PulseWorkout_Watch_AppUITestsLaunchTests.swift in Sources */ = {isa = PBXBuildFile; fileRef = E46EF0A029537CA3006FA603 /* PulseWorkout_Watch_AppUITestsLaunchTests.swift */; };
		E46EF0B429537D63006FA603 /* LiveTabView.swift in Sources */ = {isa = PBXBuildFile; fileRef = E46EF0B329537D63006FA603 /* LiveTabView.swift */; };
		E46EF0BA29537E24006FA603 /* StartView.swift in Sources */ = {isa = PBXBuildFile; fileRef = E46EF0B929537E24006FA603 /* StartView.swift */; };
		E46EF0C029538811006FA603 /* LiveMetricsView.swift in Sources */ = {isa = PBXBuildFile; fileRef = E46EF0BF29538811006FA603 /* LiveMetricsView.swift */; };
		E46EF0C229543FEA006FA603 /* StopView.swift in Sources */ = {isa = PBXBuildFile; fileRef = E46EF0C129543FEA006FA603 /* StopView.swift */; };
		E46EF0C62955C836006FA603 /* PausedTabView.swift in Sources */ = {isa = PBXBuildFile; fileRef = E46EF0C52955C836006FA603 /* PausedTabView.swift */; };
		E46EF0C82955C8E9006FA603 /* PausedView.swift in Sources */ = {isa = PBXBuildFile; fileRef = E46EF0C72955C8E9006FA603 /* PausedView.swift */; };
		E46EF0CA2955F615006FA603 /* LiveActivityManager.swift in Sources */ = {isa = PBXBuildFile; fileRef = E46EF0C92955F615006FA603 /* LiveActivityManager.swift */; };
		E474970E2982EB7F00EBB0DC /* BluetoothManager.swift in Sources */ = {isa = PBXBuildFile; fileRef = E474970D2982EB7F00EBB0DC /* BluetoothManager.swift */; };
		E48C82E0296ECFE10005CB25 /* ElapsedTimeView.swift in Sources */ = {isa = PBXBuildFile; fileRef = E48C82DF296ECFE10005CB25 /* ElapsedTimeView.swift */; };
		E4968AD8296D710100DE0082 /* HealthKit.framework in Frameworks */ = {isa = PBXBuildFile; fileRef = E4968AD7296D710000DE0082 /* HealthKit.framework */; };
		E4A0839329A9FA09007B50D3 /* BTDeviceView.swift in Sources */ = {isa = PBXBuildFile; fileRef = E4A0839229A9FA09007B50D3 /* BTDeviceView.swift */; };
		E4A0839529AA1790007B50D3 /* BTKnownDeviceView.swift in Sources */ = {isa = PBXBuildFile; fileRef = E4A0839429AA1790007B50D3 /* BTKnownDeviceView.swift */; };
		E4A0839729AA18E7007B50D3 /* BTDiscoveredDeviceView.swift in Sources */ = {isa = PBXBuildFile; fileRef = E4A0839629AA18E7007B50D3 /* BTDiscoveredDeviceView.swift */; };
		E4BAA23F2B1C7D0E0053C065 /* DataCache.swift in Sources */ = {isa = PBXBuildFile; fileRef = E4BAA23E2B1C7D0E0053C065 /* DataCache.swift */; };
		E4BAA2412B1C7D560053C065 /* ActivityRecord.swift in Sources */ = {isa = PBXBuildFile; fileRef = E4BAA2402B1C7D560053C065 /* ActivityRecord.swift */; };
		E4C11F5129C49744008DB769 /* BTContentView.swift in Sources */ = {isa = PBXBuildFile; fileRef = E4C11F5029C49744008DB769 /* BTContentView.swift */; };
		E4C11F5329C632DB008DB769 /* BTDetailDeviceView.swift in Sources */ = {isa = PBXBuildFile; fileRef = E4C11F5229C632DB008DB769 /* BTDetailDeviceView.swift */; };
		E4C11F5529C7588E008DB769 /* BTDeviceInfoView.swift in Sources */ = {isa = PBXBuildFile; fileRef = E4C11F5429C7588E008DB769 /* BTDeviceInfoView.swift */; };
		E4C11F5B29CCCC43008DB769 /* DeviceList.swift in Sources */ = {isa = PBXBuildFile; fileRef = E4C11F5A29CCCC43008DB769 /* DeviceList.swift */; };
		E4C25BAC2A4F5554002F315D /* ActivityHistoryView.swift in Sources */ = {isa = PBXBuildFile; fileRef = E4C25BAB2A4F5554002F315D /* ActivityHistoryView.swift */; };
		E4C25BAE2A4F55FB002F315D /* ActivityListItemView.swift in Sources */ = {isa = PBXBuildFile; fileRef = E4C25BAD2A4F55FB002F315D /* ActivityListItemView.swift */; };
		E4C25BB02A4F562B002F315D /* ActivityDetailView.swift in Sources */ = {isa = PBXBuildFile; fileRef = E4C25BAF2A4F562B002F315D /* ActivityDetailView.swift */; };
		E4E4DFEE29E88A6200979AA2 /* ProfileListItemView.swift in Sources */ = {isa = PBXBuildFile; fileRef = E4E4DFED29E88A6200979AA2 /* ProfileListItemView.swift */; };
/* End PBXBuildFile section */

/* Begin PBXContainerItemProxy section */
		E46EF08029537CA1006FA603 /* PBXContainerItemProxy */ = {
			isa = PBXContainerItemProxy;
			containerPortal = E46EF07229537CA0006FA603 /* Project object */;
			proxyType = 1;
			remoteGlobalIDString = E46EF07D29537CA1006FA603;
			remoteInfo = "PulseWorkout Watch App";
		};
		E46EF09129537CA3006FA603 /* PBXContainerItemProxy */ = {
			isa = PBXContainerItemProxy;
			containerPortal = E46EF07229537CA0006FA603 /* Project object */;
			proxyType = 1;
			remoteGlobalIDString = E46EF07D29537CA1006FA603;
			remoteInfo = "PulseWorkout Watch App";
		};
		E46EF09B29537CA3006FA603 /* PBXContainerItemProxy */ = {
			isa = PBXContainerItemProxy;
			containerPortal = E46EF07229537CA0006FA603 /* Project object */;
			proxyType = 1;
			remoteGlobalIDString = E46EF07D29537CA1006FA603;
			remoteInfo = "PulseWorkout Watch App";
		};
/* End PBXContainerItemProxy section */

/* Begin PBXCopyFilesBuildPhase section */
		E46EF0A729537CA3006FA603 /* Embed Watch Content */ = {
			isa = PBXCopyFilesBuildPhase;
			buildActionMask = 2147483647;
			dstPath = "$(CONTENTS_FOLDER_PATH)/Watch";
			dstSubfolderSpec = 16;
			files = (
				E46EF07F29537CA1006FA603 /* PulseWorkout Watch App.app in Embed Watch Content */,
			);
			name = "Embed Watch Content";
			runOnlyForDeploymentPostprocessing = 0;
		};
/* End PBXCopyFilesBuildPhase section */

/* Begin PBXFileReference section */
		E40306802B1F1D7900658A80 /* ActivityRecordTest.swift */ = {isa = PBXFileReference; lastKnownFileType = sourcecode.swift; path = ActivityRecordTest.swift; sourceTree = "<group>"; };
		E40306822B22211000658A80 /* TopMenuView.swift */ = {isa = PBXFileReference; lastKnownFileType = sourcecode.swift; path = TopMenuView.swift; sourceTree = "<group>"; };
		E40F882F2A97AAF500E00F25 /* ActivitySaveView.swift */ = {isa = PBXFileReference; lastKnownFileType = sourcecode.swift; path = ActivitySaveView.swift; sourceTree = "<group>"; };
		E40F886A2AA5D31400E00F25 /* SimpleXML.swift */ = {isa = PBXFileReference; lastKnownFileType = sourcecode.swift; path = SimpleXML.swift; sourceTree = "<group>"; };
		E41CFBA62AFCCBEF00FBEE5D /* LiveMetricCarouselItem.swift */ = {isa = PBXFileReference; lastKnownFileType = sourcecode.swift; path = LiveMetricCarouselItem.swift; sourceTree = "<group>"; };
		E420D7852B03D55300C0D7B2 /* LocationNotAuthView.swift */ = {isa = PBXFileReference; lastKnownFileType = sourcecode.swift; path = LocationNotAuthView.swift; sourceTree = "<group>"; };
		E4212957298D79D3001B8AA9 /* BTDeviceDiscoverView.swift */ = {isa = PBXFileReference; lastKnownFileType = sourcecode.swift; path = BTDeviceDiscoverView.swift; sourceTree = "<group>"; };
		E4212959298EC383001B8AA9 /* BTStartDiscoverView.swift */ = {isa = PBXFileReference; lastKnownFileType = sourcecode.swift; path = BTStartDiscoverView.swift; sourceTree = "<group>"; };
		E421295B299D4D91001B8AA9 /* BTDeviceBarView.swift */ = {isa = PBXFileReference; lastKnownFileType = sourcecode.swift; path = BTDeviceBarView.swift; sourceTree = "<group>"; };
		E421295F29A21922001B8AA9 /* ActivityProfile.swift */ = {isa = PBXFileReference; lastKnownFileType = sourcecode.swift; path = ActivityProfile.swift; sourceTree = "<group>"; };
		E42AD0902AE82094008E7B05 /* NewProfileDetailView.swift */ = {isa = PBXFileReference; lastKnownFileType = sourcecode.swift; path = NewProfileDetailView.swift; sourceTree = "<group>"; };
		E42AD0922AEBEEC8008E7B05 /* LiveMetricsPausedView.swift */ = {isa = PBXFileReference; lastKnownFileType = sourcecode.swift; path = LiveMetricsPausedView.swift; sourceTree = "<group>"; };
		E46121E92AAB5F9A00E07749 /* SettingsView.swift */ = {isa = PBXFileReference; lastKnownFileType = sourcecode.swift; path = SettingsView.swift; sourceTree = "<group>"; };
		E46121ED2AACCF2300E07749 /* WatchAsDeviceView.swift */ = {isa = PBXFileReference; lastKnownFileType = sourcecode.swift; path = WatchAsDeviceView.swift; sourceTree = "<group>"; };
		E46121EF2AADC86F00E07749 /* SettingsManager.swift */ = {isa = PBXFileReference; lastKnownFileType = sourcecode.swift; path = SettingsManager.swift; sourceTree = "<group>"; };
		E46121F12AAE178600E07749 /* BTPeripheralManager.swift */ = {isa = PBXFileReference; lastKnownFileType = sourcecode.swift; path = BTPeripheralManager.swift; sourceTree = "<group>"; };
		E46121F32AAF6D1600E07749 /* CloudConnectionsView.swift */ = {isa = PBXFileReference; lastKnownFileType = sourcecode.swift; path = CloudConnectionsView.swift; sourceTree = "<group>"; };
		E46121F52AAF6FCB00E07749 /* GeneralSettingsView.swift */ = {isa = PBXFileReference; lastKnownFileType = sourcecode.swift; path = GeneralSettingsView.swift; sourceTree = "<group>"; };
		E46121F72AB1A0AD00E07749 /* LocationManager.swift */ = {isa = PBXFileReference; lastKnownFileType = sourcecode.swift; path = LocationManager.swift; sourceTree = "<group>"; };
		E46121F92AB315E600E07749 /* LocationView.swift */ = {isa = PBXFileReference; lastKnownFileType = sourcecode.swift; path = LocationView.swift; sourceTree = "<group>"; };
		E468DC8029E931A10002FEA9 /* ProfileListView.swift */ = {isa = PBXFileReference; lastKnownFileType = sourcecode.swift; path = ProfileListView.swift; sourceTree = "<group>"; };
		E468DC8229E9B5050002FEA9 /* ProfileDetailView.swift */ = {isa = PBXFileReference; lastKnownFileType = sourcecode.swift; path = ProfileDetailView.swift; sourceTree = "<group>"; };
		E46EE68C2B067A01008F54CD /* MapView.swift */ = {isa = PBXFileReference; lastKnownFileType = sourcecode.swift; path = MapView.swift; sourceTree = "<group>"; };
		E46EF07829537CA1006FA603 /* PulseWorkout.app */ = {isa = PBXFileReference; explicitFileType = wrapper.application; includeInIndex = 0; path = PulseWorkout.app; sourceTree = BUILT_PRODUCTS_DIR; };
		E46EF07E29537CA1006FA603 /* PulseWorkout Watch App.app */ = {isa = PBXFileReference; explicitFileType = wrapper.application; includeInIndex = 0; path = "PulseWorkout Watch App.app"; sourceTree = BUILT_PRODUCTS_DIR; };
		E46EF08329537CA1006FA603 /* PulseWorkoutApp.swift */ = {isa = PBXFileReference; lastKnownFileType = sourcecode.swift; path = PulseWorkoutApp.swift; sourceTree = "<group>"; };
		E46EF08529537CA1006FA603 /* ContentView.swift */ = {isa = PBXFileReference; lastKnownFileType = sourcecode.swift; path = ContentView.swift; sourceTree = "<group>"; };
		E46EF08729537CA3006FA603 /* Assets.xcassets */ = {isa = PBXFileReference; lastKnownFileType = folder.assetcatalog; path = Assets.xcassets; sourceTree = "<group>"; };
		E46EF08A29537CA3006FA603 /* Preview Assets.xcassets */ = {isa = PBXFileReference; lastKnownFileType = folder.assetcatalog; path = "Preview Assets.xcassets"; sourceTree = "<group>"; };
		E46EF09029537CA3006FA603 /* PulseWorkout Watch AppTests.xctest */ = {isa = PBXFileReference; explicitFileType = wrapper.cfbundle; includeInIndex = 0; path = "PulseWorkout Watch AppTests.xctest"; sourceTree = BUILT_PRODUCTS_DIR; };
		E46EF09429537CA3006FA603 /* PulseWorkout_Watch_AppTests.swift */ = {isa = PBXFileReference; lastKnownFileType = sourcecode.swift; path = PulseWorkout_Watch_AppTests.swift; sourceTree = "<group>"; };
		E46EF09A29537CA3006FA603 /* PulseWorkout Watch AppUITests.xctest */ = {isa = PBXFileReference; explicitFileType = wrapper.cfbundle; includeInIndex = 0; path = "PulseWorkout Watch AppUITests.xctest"; sourceTree = BUILT_PRODUCTS_DIR; };
		E46EF09E29537CA3006FA603 /* PulseWorkout_Watch_AppUITests.swift */ = {isa = PBXFileReference; lastKnownFileType = sourcecode.swift; path = PulseWorkout_Watch_AppUITests.swift; sourceTree = "<group>"; };
		E46EF0A029537CA3006FA603 /* PulseWorkout_Watch_AppUITestsLaunchTests.swift */ = {isa = PBXFileReference; lastKnownFileType = sourcecode.swift; path = PulseWorkout_Watch_AppUITestsLaunchTests.swift; sourceTree = "<group>"; };
		E46EF0B329537D63006FA603 /* LiveTabView.swift */ = {isa = PBXFileReference; lastKnownFileType = sourcecode.swift; path = LiveTabView.swift; sourceTree = "<group>"; };
		E46EF0B929537E24006FA603 /* StartView.swift */ = {isa = PBXFileReference; lastKnownFileType = sourcecode.swift; path = StartView.swift; sourceTree = "<group>"; };
		E46EF0BF29538811006FA603 /* LiveMetricsView.swift */ = {isa = PBXFileReference; lastKnownFileType = sourcecode.swift; path = LiveMetricsView.swift; sourceTree = "<group>"; };
		E46EF0C129543FEA006FA603 /* StopView.swift */ = {isa = PBXFileReference; lastKnownFileType = sourcecode.swift; path = StopView.swift; sourceTree = "<group>"; };
		E46EF0C52955C836006FA603 /* PausedTabView.swift */ = {isa = PBXFileReference; lastKnownFileType = sourcecode.swift; path = PausedTabView.swift; sourceTree = "<group>"; };
		E46EF0C72955C8E9006FA603 /* PausedView.swift */ = {isa = PBXFileReference; lastKnownFileType = sourcecode.swift; path = PausedView.swift; sourceTree = "<group>"; };
		E46EF0C92955F615006FA603 /* LiveActivityManager.swift */ = {isa = PBXFileReference; lastKnownFileType = sourcecode.swift; path = LiveActivityManager.swift; sourceTree = "<group>"; };
		E46EF0CB29560A1F006FA603 /* PulseWorkout Watch App.entitlements */ = {isa = PBXFileReference; lastKnownFileType = text.plist.entitlements; path = "PulseWorkout Watch App.entitlements"; sourceTree = "<group>"; };
		E46EF0CC29560B5B006FA603 /* PulseWorkout-Watch-App-Info.plist */ = {isa = PBXFileReference; lastKnownFileType = text.plist; path = "PulseWorkout-Watch-App-Info.plist"; sourceTree = SOURCE_ROOT; };
		E474970D2982EB7F00EBB0DC /* BluetoothManager.swift */ = {isa = PBXFileReference; lastKnownFileType = sourcecode.swift; path = BluetoothManager.swift; sourceTree = "<group>"; };
		E48C82DF296ECFE10005CB25 /* ElapsedTimeView.swift */ = {isa = PBXFileReference; lastKnownFileType = sourcecode.swift; path = ElapsedTimeView.swift; sourceTree = "<group>"; };
		E4968AD7296D710000DE0082 /* HealthKit.framework */ = {isa = PBXFileReference; lastKnownFileType = wrapper.framework; name = HealthKit.framework; path = Platforms/WatchOS.platform/Developer/SDKs/WatchOS9.1.sdk/System/Library/Frameworks/HealthKit.framework; sourceTree = DEVELOPER_DIR; };
		E4A0839229A9FA09007B50D3 /* BTDeviceView.swift */ = {isa = PBXFileReference; lastKnownFileType = sourcecode.swift; path = BTDeviceView.swift; sourceTree = "<group>"; };
		E4A0839429AA1790007B50D3 /* BTKnownDeviceView.swift */ = {isa = PBXFileReference; lastKnownFileType = sourcecode.swift; path = BTKnownDeviceView.swift; sourceTree = "<group>"; };
		E4A0839629AA18E7007B50D3 /* BTDiscoveredDeviceView.swift */ = {isa = PBXFileReference; lastKnownFileType = sourcecode.swift; path = BTDiscoveredDeviceView.swift; sourceTree = "<group>"; };
		E4BAA23E2B1C7D0E0053C065 /* DataCache.swift */ = {isa = PBXFileReference; lastKnownFileType = sourcecode.swift; path = DataCache.swift; sourceTree = "<group>"; };
		E4BAA2402B1C7D560053C065 /* ActivityRecord.swift */ = {isa = PBXFileReference; lastKnownFileType = sourcecode.swift; path = ActivityRecord.swift; sourceTree = "<group>"; };
		E4C11F5029C49744008DB769 /* BTContentView.swift */ = {isa = PBXFileReference; lastKnownFileType = sourcecode.swift; path = BTContentView.swift; sourceTree = "<group>"; };
		E4C11F5229C632DB008DB769 /* BTDetailDeviceView.swift */ = {isa = PBXFileReference; lastKnownFileType = sourcecode.swift; path = BTDetailDeviceView.swift; sourceTree = "<group>"; };
		E4C11F5429C7588E008DB769 /* BTDeviceInfoView.swift */ = {isa = PBXFileReference; lastKnownFileType = sourcecode.swift; path = BTDeviceInfoView.swift; sourceTree = "<group>"; };
		E4C11F5A29CCCC43008DB769 /* DeviceList.swift */ = {isa = PBXFileReference; lastKnownFileType = sourcecode.swift; path = DeviceList.swift; sourceTree = "<group>"; };
		E4C25BAB2A4F5554002F315D /* ActivityHistoryView.swift */ = {isa = PBXFileReference; lastKnownFileType = sourcecode.swift; path = ActivityHistoryView.swift; sourceTree = "<group>"; };
		E4C25BAD2A4F55FB002F315D /* ActivityListItemView.swift */ = {isa = PBXFileReference; lastKnownFileType = sourcecode.swift; path = ActivityListItemView.swift; sourceTree = "<group>"; };
		E4C25BAF2A4F562B002F315D /* ActivityDetailView.swift */ = {isa = PBXFileReference; lastKnownFileType = sourcecode.swift; path = ActivityDetailView.swift; sourceTree = "<group>"; };
		E4E4DFED29E88A6200979AA2 /* ProfileListItemView.swift */ = {isa = PBXFileReference; lastKnownFileType = sourcecode.swift; path = ProfileListItemView.swift; sourceTree = "<group>"; };
/* End PBXFileReference section */

/* Begin PBXFrameworksBuildPhase section */
		E46EF07B29537CA1006FA603 /* Frameworks */ = {
			isa = PBXFrameworksBuildPhase;
			buildActionMask = 2147483647;
			files = (
				E46122012ACB1CA500E07749 /* Gzip in Frameworks */,
				E4968AD8296D710100DE0082 /* HealthKit.framework in Frameworks */,
			);
			runOnlyForDeploymentPostprocessing = 0;
		};
		E46EF08D29537CA3006FA603 /* Frameworks */ = {
			isa = PBXFrameworksBuildPhase;
			buildActionMask = 2147483647;
			files = (
			);
			runOnlyForDeploymentPostprocessing = 0;
		};
		E46EF09729537CA3006FA603 /* Frameworks */ = {
			isa = PBXFrameworksBuildPhase;
			buildActionMask = 2147483647;
			files = (
			);
			runOnlyForDeploymentPostprocessing = 0;
		};
/* End PBXFrameworksBuildPhase section */

/* Begin PBXGroup section */
		E46121EB2AAB67C900E07749 /* SettingsManager */ = {
			isa = PBXGroup;
			children = (
				E46121EC2AAB67DC00E07749 /* Views */,
				E46121EF2AADC86F00E07749 /* SettingsManager.swift */,
			);
			path = SettingsManager;
			sourceTree = "<group>";
		};
		E46121EC2AAB67DC00E07749 /* Views */ = {
			isa = PBXGroup;
			children = (
				E46121E92AAB5F9A00E07749 /* SettingsView.swift */,
				E46121ED2AACCF2300E07749 /* WatchAsDeviceView.swift */,
				E46121F32AAF6D1600E07749 /* CloudConnectionsView.swift */,
				E46121F52AAF6FCB00E07749 /* GeneralSettingsView.swift */,
			);
			path = Views;
			sourceTree = "<group>";
		};
		E46EF07129537CA0006FA603 = {
			isa = PBXGroup;
			children = (
				E46EF08229537CA1006FA603 /* PulseWorkout Watch App */,
				E46EF09329537CA3006FA603 /* PulseWorkout Watch AppTests */,
				E46EF09D29537CA3006FA603 /* PulseWorkout Watch AppUITests */,
				E46EF07929537CA1006FA603 /* Products */,
				E4968AD6296D710000DE0082 /* Frameworks */,
			);
			sourceTree = "<group>";
		};
		E46EF07929537CA1006FA603 /* Products */ = {
			isa = PBXGroup;
			children = (
				E46EF07829537CA1006FA603 /* PulseWorkout.app */,
				E46EF07E29537CA1006FA603 /* PulseWorkout Watch App.app */,
				E46EF09029537CA3006FA603 /* PulseWorkout Watch AppTests.xctest */,
				E46EF09A29537CA3006FA603 /* PulseWorkout Watch AppUITests.xctest */,
			);
			name = Products;
			sourceTree = "<group>";
		};
		E46EF08229537CA1006FA603 /* PulseWorkout Watch App */ = {
			isa = PBXGroup;
			children = (
				E46EF0CC29560B5B006FA603 /* PulseWorkout-Watch-App-Info.plist */,
				E46EF0CB29560A1F006FA603 /* PulseWorkout Watch App.entitlements */,
				E4C11F5829CCCA5E008DB769 /* WorkoutManager */,
				E46121EB2AAB67C900E07749 /* SettingsManager */,
				E4C11F5629CCC91F008DB769 /* Bluetooth */,
				E46EF08729537CA3006FA603 /* Assets.xcassets */,
				E46EF08929537CA3006FA603 /* Preview Content */,
			);
			path = "PulseWorkout Watch App";
			sourceTree = "<group>";
		};
		E46EF08929537CA3006FA603 /* Preview Content */ = {
			isa = PBXGroup;
			children = (
				E46EF08A29537CA3006FA603 /* Preview Assets.xcassets */,
			);
			path = "Preview Content";
			sourceTree = "<group>";
		};
		E46EF09329537CA3006FA603 /* PulseWorkout Watch AppTests */ = {
			isa = PBXGroup;
			children = (
				E46EF09429537CA3006FA603 /* PulseWorkout_Watch_AppTests.swift */,
				E40306802B1F1D7900658A80 /* ActivityRecordTest.swift */,
			);
			path = "PulseWorkout Watch AppTests";
			sourceTree = "<group>";
		};
		E46EF09D29537CA3006FA603 /* PulseWorkout Watch AppUITests */ = {
			isa = PBXGroup;
			children = (
				E46EF09E29537CA3006FA603 /* PulseWorkout_Watch_AppUITests.swift */,
				E46EF0A029537CA3006FA603 /* PulseWorkout_Watch_AppUITestsLaunchTests.swift */,
			);
			path = "PulseWorkout Watch AppUITests";
			sourceTree = "<group>";
		};
		E4968AD6296D710000DE0082 /* Frameworks */ = {
			isa = PBXGroup;
			children = (
				E4968AD7296D710000DE0082 /* HealthKit.framework */,
			);
			name = Frameworks;
			sourceTree = "<group>";
		};
		E4C11F5629CCC91F008DB769 /* Bluetooth */ = {
			isa = PBXGroup;
			children = (
				E474970D2982EB7F00EBB0DC /* BluetoothManager.swift */,
				E46121F12AAE178600E07749 /* BTPeripheralManager.swift */,
				E4C11F5A29CCCC43008DB769 /* DeviceList.swift */,
				E4C11F5729CCC9FD008DB769 /* Views */,
			);
			path = Bluetooth;
			sourceTree = "<group>";
		};
		E4C11F5729CCC9FD008DB769 /* Views */ = {
			isa = PBXGroup;
			children = (
				E4C11F5029C49744008DB769 /* BTContentView.swift */,
				E4212959298EC383001B8AA9 /* BTStartDiscoverView.swift */,
				E4C11F5229C632DB008DB769 /* BTDetailDeviceView.swift */,
				E4A0839429AA1790007B50D3 /* BTKnownDeviceView.swift */,
				E4A0839629AA18E7007B50D3 /* BTDiscoveredDeviceView.swift */,
				E4C11F5429C7588E008DB769 /* BTDeviceInfoView.swift */,
				E4A0839229A9FA09007B50D3 /* BTDeviceView.swift */,
				E4212957298D79D3001B8AA9 /* BTDeviceDiscoverView.swift */,
			);
			path = Views;
			sourceTree = "<group>";
		};
		E4C11F5829CCCA5E008DB769 /* WorkoutManager */ = {
			isa = PBXGroup;
			children = (
				E46EF08329537CA1006FA603 /* PulseWorkoutApp.swift */,
				E46EF0C92955F615006FA603 /* LiveActivityManager.swift */,
				E421295F29A21922001B8AA9 /* ActivityProfile.swift */,
				E4BAA2402B1C7D560053C065 /* ActivityRecord.swift */,
				E4BAA23E2B1C7D0E0053C065 /* DataCache.swift */,
				E46121F72AB1A0AD00E07749 /* LocationManager.swift */,
				E40F886A2AA5D31400E00F25 /* SimpleXML.swift */,
				E4C11F5929CCCA8E008DB769 /* Views */,
			);
			path = WorkoutManager;
			sourceTree = "<group>";
		};
		E4C11F5929CCCA8E008DB769 /* Views */ = {
			isa = PBXGroup;
			children = (
				E4C25BAB2A4F5554002F315D /* ActivityHistoryView.swift */,
				E4C25BAD2A4F55FB002F315D /* ActivityListItemView.swift */,
				E4C25BAF2A4F562B002F315D /* ActivityDetailView.swift */,
				E40F882F2A97AAF500E00F25 /* ActivitySaveView.swift */,
				E46EF0BF29538811006FA603 /* LiveMetricsView.swift */,
				E41CFBA62AFCCBEF00FBEE5D /* LiveMetricCarouselItem.swift */,
				E42AD0922AEBEEC8008E7B05 /* LiveMetricsPausedView.swift */,
				E46EF0B329537D63006FA603 /* LiveTabView.swift */,
				E46121F92AB315E600E07749 /* LocationView.swift */,
				E46EE68C2B067A01008F54CD /* MapView.swift */,
				E420D7852B03D55300C0D7B2 /* LocationNotAuthView.swift */,
				E46EF08529537CA1006FA603 /* ContentView.swift */,
				E46EF0C72955C8E9006FA603 /* PausedView.swift */,
				E46EF0C129543FEA006FA603 /* StopView.swift */,
				E46EF0C52955C836006FA603 /* PausedTabView.swift */,
				E46EF0B929537E24006FA603 /* StartView.swift */,
				E468DC8029E931A10002FEA9 /* ProfileListView.swift */,
				E40306822B22211000658A80 /* TopMenuView.swift */,
				E4E4DFED29E88A6200979AA2 /* ProfileListItemView.swift */,
				E468DC8229E9B5050002FEA9 /* ProfileDetailView.swift */,
				E42AD0902AE82094008E7B05 /* NewProfileDetailView.swift */,
				E48C82DF296ECFE10005CB25 /* ElapsedTimeView.swift */,
				E421295B299D4D91001B8AA9 /* BTDeviceBarView.swift */,
			);
			path = Views;
			sourceTree = "<group>";
		};
/* End PBXGroup section */

/* Begin PBXNativeTarget section */
		E46EF07729537CA1006FA603 /* PulseWorkout */ = {
			isa = PBXNativeTarget;
			buildConfigurationList = E46EF0A829537CA3006FA603 /* Build configuration list for PBXNativeTarget "PulseWorkout" */;
			buildPhases = (
				E46EF07629537CA1006FA603 /* Resources */,
				E46EF0A729537CA3006FA603 /* Embed Watch Content */,
			);
			buildRules = (
			);
			dependencies = (
				E46EF08129537CA1006FA603 /* PBXTargetDependency */,
			);
			name = PulseWorkout;
			productName = PulseWorkout;
			productReference = E46EF07829537CA1006FA603 /* PulseWorkout.app */;
			productType = "com.apple.product-type.application.watchapp2-container";
		};
		E46EF07D29537CA1006FA603 /* PulseWorkout Watch App */ = {
			isa = PBXNativeTarget;
			buildConfigurationList = E46EF0A429537CA3006FA603 /* Build configuration list for PBXNativeTarget "PulseWorkout Watch App" */;
			buildPhases = (
				E46EF07A29537CA1006FA603 /* Sources */,
				E46EF07B29537CA1006FA603 /* Frameworks */,
				E46EF07C29537CA1006FA603 /* Resources */,
			);
			buildRules = (
			);
			dependencies = (
			);
			name = "PulseWorkout Watch App";
			packageProductDependencies = (
				E46122002ACB1CA500E07749 /* Gzip */,
			);
			productName = "PulseWorkout Watch App";
			productReference = E46EF07E29537CA1006FA603 /* PulseWorkout Watch App.app */;
			productType = "com.apple.product-type.application";
		};
		E46EF08F29537CA3006FA603 /* PulseWorkout Watch AppTests */ = {
			isa = PBXNativeTarget;
			buildConfigurationList = E46EF0AB29537CA3006FA603 /* Build configuration list for PBXNativeTarget "PulseWorkout Watch AppTests" */;
			buildPhases = (
				E46EF08C29537CA3006FA603 /* Sources */,
				E46EF08D29537CA3006FA603 /* Frameworks */,
				E46EF08E29537CA3006FA603 /* Resources */,
			);
			buildRules = (
			);
			dependencies = (
				E46EF09229537CA3006FA603 /* PBXTargetDependency */,
			);
			name = "PulseWorkout Watch AppTests";
			productName = "PulseWorkout Watch AppTests";
			productReference = E46EF09029537CA3006FA603 /* PulseWorkout Watch AppTests.xctest */;
			productType = "com.apple.product-type.bundle.unit-test";
		};
		E46EF09929537CA3006FA603 /* PulseWorkout Watch AppUITests */ = {
			isa = PBXNativeTarget;
			buildConfigurationList = E46EF0AE29537CA3006FA603 /* Build configuration list for PBXNativeTarget "PulseWorkout Watch AppUITests" */;
			buildPhases = (
				E46EF09629537CA3006FA603 /* Sources */,
				E46EF09729537CA3006FA603 /* Frameworks */,
				E46EF09829537CA3006FA603 /* Resources */,
			);
			buildRules = (
			);
			dependencies = (
				E46EF09C29537CA3006FA603 /* PBXTargetDependency */,
			);
			name = "PulseWorkout Watch AppUITests";
			productName = "PulseWorkout Watch AppUITests";
			productReference = E46EF09A29537CA3006FA603 /* PulseWorkout Watch AppUITests.xctest */;
			productType = "com.apple.product-type.bundle.ui-testing";
		};
/* End PBXNativeTarget section */

/* Begin PBXProject section */
		E46EF07229537CA0006FA603 /* Project object */ = {
			isa = PBXProject;
			attributes = {
				BuildIndependentTargetsInParallel = 1;
				LastSwiftUpdateCheck = 1420;
				LastUpgradeCheck = 1420;
				TargetAttributes = {
					E46EF07729537CA1006FA603 = {
						CreatedOnToolsVersion = 14.2;
					};
					E46EF07D29537CA1006FA603 = {
						CreatedOnToolsVersion = 14.2;
					};
					E46EF08F29537CA3006FA603 = {
						CreatedOnToolsVersion = 14.2;
						TestTargetID = E46EF07D29537CA1006FA603;
					};
					E46EF09929537CA3006FA603 = {
						CreatedOnToolsVersion = 14.2;
						TestTargetID = E46EF07D29537CA1006FA603;
					};
				};
			};
			buildConfigurationList = E46EF07529537CA0006FA603 /* Build configuration list for PBXProject "PulseWorkout" */;
			compatibilityVersion = "Xcode 14.0";
			developmentRegion = en;
			hasScannedForEncodings = 0;
			knownRegions = (
				en,
				Base,
			);
			mainGroup = E46EF07129537CA0006FA603;
			packageReferences = (
				E46121FF2ACB1CA500E07749 /* XCRemoteSwiftPackageReference "GzipSwift" */,
			);
			productRefGroup = E46EF07929537CA1006FA603 /* Products */;
			projectDirPath = "";
			projectRoot = "";
			targets = (
				E46EF07729537CA1006FA603 /* PulseWorkout */,
				E46EF07D29537CA1006FA603 /* PulseWorkout Watch App */,
				E46EF08F29537CA3006FA603 /* PulseWorkout Watch AppTests */,
				E46EF09929537CA3006FA603 /* PulseWorkout Watch AppUITests */,
			);
		};
/* End PBXProject section */

/* Begin PBXResourcesBuildPhase section */
		E46EF07629537CA1006FA603 /* Resources */ = {
			isa = PBXResourcesBuildPhase;
			buildActionMask = 2147483647;
			files = (
			);
			runOnlyForDeploymentPostprocessing = 0;
		};
		E46EF07C29537CA1006FA603 /* Resources */ = {
			isa = PBXResourcesBuildPhase;
			buildActionMask = 2147483647;
			files = (
				E46EF08B29537CA3006FA603 /* Preview Assets.xcassets in Resources */,
				E46EF08829537CA3006FA603 /* Assets.xcassets in Resources */,
			);
			runOnlyForDeploymentPostprocessing = 0;
		};
		E46EF08E29537CA3006FA603 /* Resources */ = {
			isa = PBXResourcesBuildPhase;
			buildActionMask = 2147483647;
			files = (
			);
			runOnlyForDeploymentPostprocessing = 0;
		};
		E46EF09829537CA3006FA603 /* Resources */ = {
			isa = PBXResourcesBuildPhase;
			buildActionMask = 2147483647;
			files = (
			);
			runOnlyForDeploymentPostprocessing = 0;
		};
/* End PBXResourcesBuildPhase section */

/* Begin PBXSourcesBuildPhase section */
		E46EF07A29537CA1006FA603 /* Sources */ = {
			isa = PBXSourcesBuildPhase;
			buildActionMask = 2147483647;
			files = (
				E46EF0C82955C8E9006FA603 /* PausedView.swift in Sources */,
				E4C25BAC2A4F5554002F315D /* ActivityHistoryView.swift in Sources */,
				E46EF08629537CA1006FA603 /* ContentView.swift in Sources */,
				E41CFBA72AFCCBEF00FBEE5D /* LiveMetricCarouselItem.swift in Sources */,
				E4C11F5529C7588E008DB769 /* BTDeviceInfoView.swift in Sources */,
				E4A0839529AA1790007B50D3 /* BTKnownDeviceView.swift in Sources */,
				E42AD0912AE82094008E7B05 /* NewProfileDetailView.swift in Sources */,
				E420D7862B03D55300C0D7B2 /* LocationNotAuthView.swift in Sources */,
				E46121F42AAF6D1600E07749 /* CloudConnectionsView.swift in Sources */,
				E46121F62AAF6FCB00E07749 /* GeneralSettingsView.swift in Sources */,
				E4BAA23F2B1C7D0E0053C065 /* DataCache.swift in Sources */,
				E46EF0CA2955F615006FA603 /* LiveActivityManager.swift in Sources */,
				E46EF0C62955C836006FA603 /* PausedTabView.swift in Sources */,
				E46121EE2AACCF2300E07749 /* WatchAsDeviceView.swift in Sources */,
				E40F88302A97AAF500E00F25 /* ActivitySaveView.swift in Sources */,
				E4C11F5329C632DB008DB769 /* BTDetailDeviceView.swift in Sources */,
				E46121FA2AB315E600E07749 /* LocationView.swift in Sources */,
				E474970E2982EB7F00EBB0DC /* BluetoothManager.swift in Sources */,
				E40306832B22211000658A80 /* TopMenuView.swift in Sources */,
				E421296029A21922001B8AA9 /* ActivityProfile.swift in Sources */,
				E468DC8129E931A10002FEA9 /* ProfileListView.swift in Sources */,
				E46EF0C229543FEA006FA603 /* StopView.swift in Sources */,
				E4C25BAE2A4F55FB002F315D /* ActivityListItemView.swift in Sources */,
				E48C82E0296ECFE10005CB25 /* ElapsedTimeView.swift in Sources */,
				E46EF0B429537D63006FA603 /* LiveTabView.swift in Sources */,
				E4BAA2412B1C7D560053C065 /* ActivityRecord.swift in Sources */,
				E42AD0932AEBEEC8008E7B05 /* LiveMetricsPausedView.swift in Sources */,
				E46EE68D2B067A01008F54CD /* MapView.swift in Sources */,
				E4A0839729AA18E7007B50D3 /* BTDiscoveredDeviceView.swift in Sources */,
				E468DC8329E9B5050002FEA9 /* ProfileDetailView.swift in Sources */,
				E4212958298D79D3001B8AA9 /* BTDeviceDiscoverView.swift in Sources */,
				E421295A298EC383001B8AA9 /* BTStartDiscoverView.swift in Sources */,
				E40F886B2AA5D31400E00F25 /* SimpleXML.swift in Sources */,
				E46EF08429537CA1006FA603 /* PulseWorkoutApp.swift in Sources */,
				E4C11F5129C49744008DB769 /* BTContentView.swift in Sources */,
				E4C11F5B29CCCC43008DB769 /* DeviceList.swift in Sources */,
				E46121F22AAE178700E07749 /* BTPeripheralManager.swift in Sources */,
				E46121F02AADC86F00E07749 /* SettingsManager.swift in Sources */,
				E46121EA2AAB5F9A00E07749 /* SettingsView.swift in Sources */,
				E46EF0C029538811006FA603 /* LiveMetricsView.swift in Sources */,
				E4A0839329A9FA09007B50D3 /* BTDeviceView.swift in Sources */,
				E421295C299D4D91001B8AA9 /* BTDeviceBarView.swift in Sources */,
				E46EF0BA29537E24006FA603 /* StartView.swift in Sources */,
				E4C25BB02A4F562B002F315D /* ActivityDetailView.swift in Sources */,
				E46121F82AB1A0AD00E07749 /* LocationManager.swift in Sources */,
				E4E4DFEE29E88A6200979AA2 /* ProfileListItemView.swift in Sources */,
			);
			runOnlyForDeploymentPostprocessing = 0;
		};
		E46EF08C29537CA3006FA603 /* Sources */ = {
			isa = PBXSourcesBuildPhase;
			buildActionMask = 2147483647;
			files = (
				E46EF09529537CA3006FA603 /* PulseWorkout_Watch_AppTests.swift in Sources */,
				E40306812B1F1D7900658A80 /* ActivityRecordTest.swift in Sources */,
			);
			runOnlyForDeploymentPostprocessing = 0;
		};
		E46EF09629537CA3006FA603 /* Sources */ = {
			isa = PBXSourcesBuildPhase;
			buildActionMask = 2147483647;
			files = (
				E46EF0A129537CA3006FA603 /* PulseWorkout_Watch_AppUITestsLaunchTests.swift in Sources */,
				E46EF09F29537CA3006FA603 /* PulseWorkout_Watch_AppUITests.swift in Sources */,
			);
			runOnlyForDeploymentPostprocessing = 0;
		};
/* End PBXSourcesBuildPhase section */

/* Begin PBXTargetDependency section */
		E46EF08129537CA1006FA603 /* PBXTargetDependency */ = {
			isa = PBXTargetDependency;
			target = E46EF07D29537CA1006FA603 /* PulseWorkout Watch App */;
			targetProxy = E46EF08029537CA1006FA603 /* PBXContainerItemProxy */;
		};
		E46EF09229537CA3006FA603 /* PBXTargetDependency */ = {
			isa = PBXTargetDependency;
			target = E46EF07D29537CA1006FA603 /* PulseWorkout Watch App */;
			targetProxy = E46EF09129537CA3006FA603 /* PBXContainerItemProxy */;
		};
		E46EF09C29537CA3006FA603 /* PBXTargetDependency */ = {
			isa = PBXTargetDependency;
			target = E46EF07D29537CA1006FA603 /* PulseWorkout Watch App */;
			targetProxy = E46EF09B29537CA3006FA603 /* PBXContainerItemProxy */;
		};
/* End PBXTargetDependency section */

/* Begin XCBuildConfiguration section */
		E46EF0A229537CA3006FA603 /* Debug */ = {
			isa = XCBuildConfiguration;
			buildSettings = {
				ALWAYS_SEARCH_USER_PATHS = NO;
				CLANG_ANALYZER_NONNULL = YES;
				CLANG_ANALYZER_NUMBER_OBJECT_CONVERSION = YES_AGGRESSIVE;
				CLANG_CXX_LANGUAGE_STANDARD = "gnu++20";
				CLANG_ENABLE_MODULES = YES;
				CLANG_ENABLE_OBJC_ARC = YES;
				CLANG_ENABLE_OBJC_WEAK = YES;
				CLANG_WARN_BLOCK_CAPTURE_AUTORELEASING = YES;
				CLANG_WARN_BOOL_CONVERSION = YES;
				CLANG_WARN_COMMA = YES;
				CLANG_WARN_CONSTANT_CONVERSION = YES;
				CLANG_WARN_DEPRECATED_OBJC_IMPLEMENTATIONS = YES;
				CLANG_WARN_DIRECT_OBJC_ISA_USAGE = YES_ERROR;
				CLANG_WARN_DOCUMENTATION_COMMENTS = YES;
				CLANG_WARN_EMPTY_BODY = YES;
				CLANG_WARN_ENUM_CONVERSION = YES;
				CLANG_WARN_INFINITE_RECURSION = YES;
				CLANG_WARN_INT_CONVERSION = YES;
				CLANG_WARN_NON_LITERAL_NULL_CONVERSION = YES;
				CLANG_WARN_OBJC_IMPLICIT_RETAIN_SELF = YES;
				CLANG_WARN_OBJC_LITERAL_CONVERSION = YES;
				CLANG_WARN_OBJC_ROOT_CLASS = YES_ERROR;
				CLANG_WARN_QUOTED_INCLUDE_IN_FRAMEWORK_HEADER = YES;
				CLANG_WARN_RANGE_LOOP_ANALYSIS = YES;
				CLANG_WARN_STRICT_PROTOTYPES = YES;
				CLANG_WARN_SUSPICIOUS_MOVE = YES;
				CLANG_WARN_UNGUARDED_AVAILABILITY = YES_AGGRESSIVE;
				CLANG_WARN_UNREACHABLE_CODE = YES;
				CLANG_WARN__DUPLICATE_METHOD_MATCH = YES;
				COPY_PHASE_STRIP = NO;
				DEBUG_INFORMATION_FORMAT = dwarf;
				ENABLE_STRICT_OBJC_MSGSEND = YES;
				ENABLE_TESTABILITY = YES;
				GCC_C_LANGUAGE_STANDARD = gnu11;
				GCC_DYNAMIC_NO_PIC = NO;
				GCC_NO_COMMON_BLOCKS = YES;
				GCC_OPTIMIZATION_LEVEL = 0;
				GCC_PREPROCESSOR_DEFINITIONS = (
					"DEBUG=1",
					"$(inherited)",
				);
				GCC_WARN_64_TO_32_BIT_CONVERSION = YES;
				GCC_WARN_ABOUT_RETURN_TYPE = YES_ERROR;
				GCC_WARN_UNDECLARED_SELECTOR = YES;
				GCC_WARN_UNINITIALIZED_AUTOS = YES_AGGRESSIVE;
				GCC_WARN_UNUSED_FUNCTION = YES;
				GCC_WARN_UNUSED_VARIABLE = YES;
				MTL_ENABLE_DEBUG_INFO = INCLUDE_SOURCE;
				MTL_FAST_MATH = YES;
				ONLY_ACTIVE_ARCH = YES;
				SWIFT_ACTIVE_COMPILATION_CONDITIONS = DEBUG;
				SWIFT_OPTIMIZATION_LEVEL = "-Onone";
			};
			name = Debug;
		};
		E46EF0A329537CA3006FA603 /* Release */ = {
			isa = XCBuildConfiguration;
			buildSettings = {
				ALWAYS_SEARCH_USER_PATHS = NO;
				CLANG_ANALYZER_NONNULL = YES;
				CLANG_ANALYZER_NUMBER_OBJECT_CONVERSION = YES_AGGRESSIVE;
				CLANG_CXX_LANGUAGE_STANDARD = "gnu++20";
				CLANG_ENABLE_MODULES = YES;
				CLANG_ENABLE_OBJC_ARC = YES;
				CLANG_ENABLE_OBJC_WEAK = YES;
				CLANG_WARN_BLOCK_CAPTURE_AUTORELEASING = YES;
				CLANG_WARN_BOOL_CONVERSION = YES;
				CLANG_WARN_COMMA = YES;
				CLANG_WARN_CONSTANT_CONVERSION = YES;
				CLANG_WARN_DEPRECATED_OBJC_IMPLEMENTATIONS = YES;
				CLANG_WARN_DIRECT_OBJC_ISA_USAGE = YES_ERROR;
				CLANG_WARN_DOCUMENTATION_COMMENTS = YES;
				CLANG_WARN_EMPTY_BODY = YES;
				CLANG_WARN_ENUM_CONVERSION = YES;
				CLANG_WARN_INFINITE_RECURSION = YES;
				CLANG_WARN_INT_CONVERSION = YES;
				CLANG_WARN_NON_LITERAL_NULL_CONVERSION = YES;
				CLANG_WARN_OBJC_IMPLICIT_RETAIN_SELF = YES;
				CLANG_WARN_OBJC_LITERAL_CONVERSION = YES;
				CLANG_WARN_OBJC_ROOT_CLASS = YES_ERROR;
				CLANG_WARN_QUOTED_INCLUDE_IN_FRAMEWORK_HEADER = YES;
				CLANG_WARN_RANGE_LOOP_ANALYSIS = YES;
				CLANG_WARN_STRICT_PROTOTYPES = YES;
				CLANG_WARN_SUSPICIOUS_MOVE = YES;
				CLANG_WARN_UNGUARDED_AVAILABILITY = YES_AGGRESSIVE;
				CLANG_WARN_UNREACHABLE_CODE = YES;
				CLANG_WARN__DUPLICATE_METHOD_MATCH = YES;
				COPY_PHASE_STRIP = NO;
				DEBUG_INFORMATION_FORMAT = "dwarf-with-dsym";
				ENABLE_NS_ASSERTIONS = NO;
				ENABLE_STRICT_OBJC_MSGSEND = YES;
				GCC_C_LANGUAGE_STANDARD = gnu11;
				GCC_NO_COMMON_BLOCKS = YES;
				GCC_WARN_64_TO_32_BIT_CONVERSION = YES;
				GCC_WARN_ABOUT_RETURN_TYPE = YES_ERROR;
				GCC_WARN_UNDECLARED_SELECTOR = YES;
				GCC_WARN_UNINITIALIZED_AUTOS = YES_AGGRESSIVE;
				GCC_WARN_UNUSED_FUNCTION = YES;
				GCC_WARN_UNUSED_VARIABLE = YES;
				MTL_ENABLE_DEBUG_INFO = NO;
				MTL_FAST_MATH = YES;
				SWIFT_COMPILATION_MODE = wholemodule;
				SWIFT_OPTIMIZATION_LEVEL = "-O";
			};
			name = Release;
		};
		E46EF0A529537CA3006FA603 /* Debug */ = {
			isa = XCBuildConfiguration;
			buildSettings = {
				ASSETCATALOG_COMPILER_APPICON_NAME = AppIcon;
				ASSETCATALOG_COMPILER_GLOBAL_ACCENT_COLOR_NAME = AccentColor;
				CODE_SIGN_ENTITLEMENTS = "PulseWorkout Watch App/PulseWorkout Watch App.entitlements";
				CODE_SIGN_IDENTITY = "Apple Development";
				CODE_SIGN_STYLE = Automatic;
				CURRENT_PROJECT_VERSION = 1;
				DEVELOPMENT_ASSET_PATHS = "\"PulseWorkout Watch App/Preview Content\"";
				DEVELOPMENT_TEAM = 4CBW377VZ7;
				ENABLE_PREVIEWS = YES;
				GENERATE_INFOPLIST_FILE = YES;
				INFOPLIST_FILE = "PulseWorkout-Watch-App-Info.plist";
				INFOPLIST_KEY_CFBundleDisplayName = PulseWorkout;
				INFOPLIST_KEY_NSBluetoothAlwaysUsageDescription = "Connect to bluetooth workout devices for workout measurements";
				INFOPLIST_KEY_NSBluetoothPeripheralUsageDescription = "Connect to bluetooth workout devices";
				INFOPLIST_KEY_NSHealthShareUsageDescription = "Read data from Healthkit to monitor workouts";
				INFOPLIST_KEY_NSHealthUpdateUsageDescription = "Write data collected during workouts to Healthkit";
				INFOPLIST_KEY_NSLocationAlwaysAndWhenInUseUsageDescription = "This app uses your location to log your workouts when in use and in background mode";
				INFOPLIST_KEY_NSLocationWhenInUseUsageDescription = "This app uses your location to log your workouts when in use";
				INFOPLIST_KEY_UISupportedInterfaceOrientations = "UIInterfaceOrientationPortrait UIInterfaceOrientationPortraitUpsideDown";
				INFOPLIST_KEY_WKWatchOnly = YES;
				LD_RUNPATH_SEARCH_PATHS = (
					"$(inherited)",
					"@executable_path/Frameworks",
				);
				MARKETING_VERSION = 1.0;
				PRODUCT_BUNDLE_IDENTIFIER = MurrayNet.PulseWorkout.watchkitapp;
				PRODUCT_NAME = "$(TARGET_NAME)";
				PROVISIONING_PROFILE_SPECIFIER = "";
				SDKROOT = watchos;
				SKIP_INSTALL = YES;
				SWIFT_EMIT_LOC_STRINGS = YES;
				SWIFT_VERSION = 5.0;
				TARGETED_DEVICE_FAMILY = 4;
				WATCHOS_DEPLOYMENT_TARGET = 10.0;
			};
			name = Debug;
		};
		E46EF0A629537CA3006FA603 /* Release */ = {
			isa = XCBuildConfiguration;
			buildSettings = {
				ASSETCATALOG_COMPILER_APPICON_NAME = AppIcon;
				ASSETCATALOG_COMPILER_GLOBAL_ACCENT_COLOR_NAME = AccentColor;
				CODE_SIGN_ENTITLEMENTS = "PulseWorkout Watch App/PulseWorkout Watch App.entitlements";
				CODE_SIGN_IDENTITY = "Apple Development";
				CODE_SIGN_STYLE = Automatic;
				CURRENT_PROJECT_VERSION = 1;
				DEVELOPMENT_ASSET_PATHS = "\"PulseWorkout Watch App/Preview Content\"";
				DEVELOPMENT_TEAM = 4CBW377VZ7;
				ENABLE_PREVIEWS = YES;
				GENERATE_INFOPLIST_FILE = YES;
				INFOPLIST_FILE = "PulseWorkout-Watch-App-Info.plist";
				INFOPLIST_KEY_CFBundleDisplayName = PulseWorkout;
				INFOPLIST_KEY_NSBluetoothAlwaysUsageDescription = "Connect to bluetooth workout devices for workout measurements";
				INFOPLIST_KEY_NSBluetoothPeripheralUsageDescription = "Connect to bluetooth workout devices";
				INFOPLIST_KEY_NSHealthShareUsageDescription = "Read data from Healthkit to monitor workouts";
				INFOPLIST_KEY_NSHealthUpdateUsageDescription = "Write data collected during workouts to Healthkit";
				INFOPLIST_KEY_NSLocationAlwaysAndWhenInUseUsageDescription = "This app uses your location to log your workouts when in use and in background mode";
				INFOPLIST_KEY_NSLocationWhenInUseUsageDescription = "This app uses your location to log your workouts when in use";
				INFOPLIST_KEY_UISupportedInterfaceOrientations = "UIInterfaceOrientationPortrait UIInterfaceOrientationPortraitUpsideDown";
				INFOPLIST_KEY_WKWatchOnly = YES;
				LD_RUNPATH_SEARCH_PATHS = (
					"$(inherited)",
					"@executable_path/Frameworks",
				);
				MARKETING_VERSION = 1.0;
				PRODUCT_BUNDLE_IDENTIFIER = MurrayNet.PulseWorkout.watchkitapp;
				PRODUCT_NAME = "$(TARGET_NAME)";
				PROVISIONING_PROFILE_SPECIFIER = "";
				SDKROOT = watchos;
				SKIP_INSTALL = YES;
				SWIFT_EMIT_LOC_STRINGS = YES;
				SWIFT_VERSION = 5.0;
				TARGETED_DEVICE_FAMILY = 4;
				VALIDATE_PRODUCT = YES;
				WATCHOS_DEPLOYMENT_TARGET = 10.0;
			};
			name = Release;
		};
		E46EF0A929537CA3006FA603 /* Debug */ = {
			isa = XCBuildConfiguration;
			buildSettings = {
				ALWAYS_EMBED_SWIFT_STANDARD_LIBRARIES = YES;
				CODE_SIGN_IDENTITY = "Apple Development";
				CODE_SIGN_STYLE = Automatic;
				CURRENT_PROJECT_VERSION = 1;
				DEVELOPMENT_TEAM = 4CBW377VZ7;
				INFOPLIST_KEY_CFBundleDisplayName = PulseWorkout;
				MARKETING_VERSION = 1.0;
				PRODUCT_BUNDLE_IDENTIFIER = MurrayNet.PulseWorkout;
				PRODUCT_NAME = "$(TARGET_NAME)";
				PROVISIONING_PROFILE_SPECIFIER = "";
				SDKROOT = iphoneos;
				SWIFT_VERSION = 5.0;
			};
			name = Debug;
		};
		E46EF0AA29537CA3006FA603 /* Release */ = {
			isa = XCBuildConfiguration;
			buildSettings = {
				ALWAYS_EMBED_SWIFT_STANDARD_LIBRARIES = YES;
				CODE_SIGN_IDENTITY = "Apple Development";
				CODE_SIGN_STYLE = Automatic;
				CURRENT_PROJECT_VERSION = 1;
				DEVELOPMENT_TEAM = 4CBW377VZ7;
				INFOPLIST_KEY_CFBundleDisplayName = PulseWorkout;
				MARKETING_VERSION = 1.0;
				PRODUCT_BUNDLE_IDENTIFIER = MurrayNet.PulseWorkout;
				PRODUCT_NAME = "$(TARGET_NAME)";
				PROVISIONING_PROFILE_SPECIFIER = "";
				SDKROOT = iphoneos;
				SWIFT_VERSION = 5.0;
				VALIDATE_PRODUCT = YES;
			};
			name = Release;
		};
		E46EF0AC29537CA3006FA603 /* Debug */ = {
			isa = XCBuildConfiguration;
			buildSettings = {
				ALWAYS_EMBED_SWIFT_STANDARD_LIBRARIES = YES;
				BUNDLE_LOADER = "$(TEST_HOST)";
				CODE_SIGN_STYLE = Automatic;
				CURRENT_PROJECT_VERSION = 1;
				DEVELOPMENT_TEAM = 4CBW377VZ7;
				GENERATE_INFOPLIST_FILE = YES;
				MARKETING_VERSION = 1.0;
				PRODUCT_BUNDLE_IDENTIFIER = "MurrayNet.PulseWorkout-Watch-AppTests";
				PRODUCT_NAME = "$(TARGET_NAME)";
				SDKROOT = watchos;
				SWIFT_EMIT_LOC_STRINGS = NO;
				SWIFT_VERSION = 5.0;
				TARGETED_DEVICE_FAMILY = 4;
				TEST_HOST = "$(BUILT_PRODUCTS_DIR)/PulseWorkout Watch App.app/$(BUNDLE_EXECUTABLE_FOLDER_PATH)/PulseWorkout Watch App";
				WATCHOS_DEPLOYMENT_TARGET = 10.0;
			};
			name = Debug;
		};
		E46EF0AD29537CA3006FA603 /* Release */ = {
			isa = XCBuildConfiguration;
			buildSettings = {
				ALWAYS_EMBED_SWIFT_STANDARD_LIBRARIES = YES;
				BUNDLE_LOADER = "$(TEST_HOST)";
				CODE_SIGN_STYLE = Automatic;
				CURRENT_PROJECT_VERSION = 1;
				DEVELOPMENT_TEAM = 4CBW377VZ7;
				GENERATE_INFOPLIST_FILE = YES;
				MARKETING_VERSION = 1.0;
				PRODUCT_BUNDLE_IDENTIFIER = "MurrayNet.PulseWorkout-Watch-AppTests";
				PRODUCT_NAME = "$(TARGET_NAME)";
				SDKROOT = watchos;
				SWIFT_EMIT_LOC_STRINGS = NO;
				SWIFT_VERSION = 5.0;
				TARGETED_DEVICE_FAMILY = 4;
				TEST_HOST = "$(BUILT_PRODUCTS_DIR)/PulseWorkout Watch App.app/$(BUNDLE_EXECUTABLE_FOLDER_PATH)/PulseWorkout Watch App";
				VALIDATE_PRODUCT = YES;
				WATCHOS_DEPLOYMENT_TARGET = 10.0;
			};
			name = Release;
		};
		E46EF0AF29537CA3006FA603 /* Debug */ = {
			isa = XCBuildConfiguration;
			buildSettings = {
				ALWAYS_EMBED_SWIFT_STANDARD_LIBRARIES = YES;
				CODE_SIGN_STYLE = Automatic;
				CURRENT_PROJECT_VERSION = 1;
				DEVELOPMENT_TEAM = 4CBW377VZ7;
				GENERATE_INFOPLIST_FILE = YES;
				INFOPLIST_KEY_LSApplicationCategoryType = "";
				MARKETING_VERSION = 1.0;
				PRODUCT_BUNDLE_IDENTIFIER = "MurrayNet.PulseWorkout-Watch-AppUITests";
				PRODUCT_NAME = "$(TARGET_NAME)";
				SDKROOT = watchos;
				SWIFT_EMIT_LOC_STRINGS = NO;
				SWIFT_VERSION = 5.0;
				TARGETED_DEVICE_FAMILY = 4;
				TEST_TARGET_NAME = "PulseWorkout Watch App";
				WATCHOS_DEPLOYMENT_TARGET = 9.1;
			};
			name = Debug;
		};
		E46EF0B029537CA3006FA603 /* Release */ = {
			isa = XCBuildConfiguration;
			buildSettings = {
				ALWAYS_EMBED_SWIFT_STANDARD_LIBRARIES = YES;
				CODE_SIGN_STYLE = Automatic;
				CURRENT_PROJECT_VERSION = 1;
				DEVELOPMENT_TEAM = 4CBW377VZ7;
				GENERATE_INFOPLIST_FILE = YES;
				INFOPLIST_KEY_LSApplicationCategoryType = "";
				MARKETING_VERSION = 1.0;
				PRODUCT_BUNDLE_IDENTIFIER = "MurrayNet.PulseWorkout-Watch-AppUITests";
				PRODUCT_NAME = "$(TARGET_NAME)";
				SDKROOT = watchos;
				SWIFT_EMIT_LOC_STRINGS = NO;
				SWIFT_VERSION = 5.0;
				TARGETED_DEVICE_FAMILY = 4;
				TEST_TARGET_NAME = "PulseWorkout Watch App";
				VALIDATE_PRODUCT = YES;
				WATCHOS_DEPLOYMENT_TARGET = 9.1;
			};
			name = Release;
		};
/* End XCBuildConfiguration section */

/* Begin XCConfigurationList section */
		E46EF07529537CA0006FA603 /* Build configuration list for PBXProject "PulseWorkout" */ = {
			isa = XCConfigurationList;
			buildConfigurations = (
				E46EF0A229537CA3006FA603 /* Debug */,
				E46EF0A329537CA3006FA603 /* Release */,
			);
			defaultConfigurationIsVisible = 0;
			defaultConfigurationName = Release;
		};
		E46EF0A429537CA3006FA603 /* Build configuration list for PBXNativeTarget "PulseWorkout Watch App" */ = {
			isa = XCConfigurationList;
			buildConfigurations = (
				E46EF0A529537CA3006FA603 /* Debug */,
				E46EF0A629537CA3006FA603 /* Release */,
			);
			defaultConfigurationIsVisible = 0;
			defaultConfigurationName = Release;
		};
		E46EF0A829537CA3006FA603 /* Build configuration list for PBXNativeTarget "PulseWorkout" */ = {
			isa = XCConfigurationList;
			buildConfigurations = (
				E46EF0A929537CA3006FA603 /* Debug */,
				E46EF0AA29537CA3006FA603 /* Release */,
			);
			defaultConfigurationIsVisible = 0;
			defaultConfigurationName = Release;
		};
		E46EF0AB29537CA3006FA603 /* Build configuration list for PBXNativeTarget "PulseWorkout Watch AppTests" */ = {
			isa = XCConfigurationList;
			buildConfigurations = (
				E46EF0AC29537CA3006FA603 /* Debug */,
				E46EF0AD29537CA3006FA603 /* Release */,
			);
			defaultConfigurationIsVisible = 0;
			defaultConfigurationName = Release;
		};
		E46EF0AE29537CA3006FA603 /* Build configuration list for PBXNativeTarget "PulseWorkout Watch AppUITests" */ = {
			isa = XCConfigurationList;
			buildConfigurations = (
				E46EF0AF29537CA3006FA603 /* Debug */,
				E46EF0B029537CA3006FA603 /* Release */,
			);
			defaultConfigurationIsVisible = 0;
			defaultConfigurationName = Release;
		};
/* End XCConfigurationList section */

/* Begin XCRemoteSwiftPackageReference section */
		E46121FF2ACB1CA500E07749 /* XCRemoteSwiftPackageReference "GzipSwift" */ = {
			isa = XCRemoteSwiftPackageReference;
			repositoryURL = "https://github.com/1024jp/GzipSwift";
			requirement = {
				kind = upToNextMajorVersion;
				minimumVersion = 6.0.0;
			};
		};
/* End XCRemoteSwiftPackageReference section */

/* Begin XCSwiftPackageProductDependency section */
		E46122002ACB1CA500E07749 /* Gzip */ = {
			isa = XCSwiftPackageProductDependency;
			package = E46121FF2ACB1CA500E07749 /* XCRemoteSwiftPackageReference "GzipSwift" */;
			productName = Gzip;
		};
/* End XCSwiftPackageProductDependency section */
	};
	rootObject = E46EF07229537CA0006FA603 /* Project object */;
}
